
Microsoft Visual Studio Solution File, Format Version 12.00
# Visual Studio 15
VisualStudioVersion = 15.0.28307.421
MinimumVisualStudioVersion = 10.0.40219.1
Project("{8BC9CEB8-8B4A-11D0-8D11-00A0C91BC942}") = "DGP", "DGP.vcxproj", "{48A9822C-31A9-4457-8FAF-DA2DE9E5D6E7}"
EndProject
Global
	GlobalSection(SolutionConfigurationPlatforms) = preSolution
		Debug|x64 = Debug|x64
		Debug|x86 = Debug|x86
		Release|x64 = Release|x64
		Release|x86 = Release|x86
	EndGlobalSection
	GlobalSection(ProjectConfigurationPlatforms) = postSolution
		{48A9822C-31A9-4457-8FAF-DA2DE9E5D6E7}.Debug|x64.ActiveCfg = Debug|x64
		{48A9822C-31A9-4457-8FAF-DA2DE9E5D6E7}.Debug|x64.Build.0 = Debug|x64
		{48A9822C-31A9-4457-8FAF-DA2DE9E5D6E7}.Debug|x86.ActiveCfg = Debug|Win32
		{48A9822C-31A9-4457-8FAF-DA2DE9E5D6E7}.Debug|x86.Build.0 = Debug|Win32
		{48A9822C-31A9-4457-8FAF-DA2DE9E5D6E7}.Release|x64.ActiveCfg = Release|x64
		{48A9822C-31A9-4457-8FAF-DA2DE9E5D6E7}.Release|x64.Build.0 = Release|x64
		{48A9822C-31A9-4457-8FAF-DA2DE9E5D6E7}.Release|x86.ActiveCfg = Release|Win32
		{48A9822C-31A9-4457-8FAF-DA2DE9E5D6E7}.Release|x86.Build.0 = Release|Win32
	EndGlobalSection
	GlobalSection(SolutionProperties) = preSolution
		HideSolutionNode = FALSE
	EndGlobalSection
	GlobalSection(ExtensibilityGlobals) = postSolution
		SolutionGuid = {8CF9B4AC-44CE-4269-9059-7EE88FDA08CD}
	EndGlobalSection
EndGlobal
